
Microsoft Visual Studio Solution File, Format Version 12.00
# Visual Studio Version 17
VisualStudioVersion = 17.9.34622.214
MinimumVisualStudioVersion = 10.0.40219.1
Project("{FAE04EC0-301F-11D3-BF4B-00C04F79EFBC}") = "Reservation.mvcproject", "Reservation.mvcproject\Reservation.mvcproject.csproj", "{6DF08456-5429-423D-890F-32F1F1C74525}"
EndProject
Global
	GlobalSection(SolutionConfigurationPlatforms) = preSolution
		Debug|Any CPU = Debug|Any CPU
		Release|Any CPU = Release|Any CPU
	EndGlobalSection
	GlobalSection(ProjectConfigurationPlatforms) = postSolution
		{6DF08456-5429-423D-890F-32F1F1C74525}.Debug|Any CPU.ActiveCfg = Debug|Any CPU
		{6DF08456-5429-423D-890F-32F1F1C74525}.Debug|Any CPU.Build.0 = Debug|Any CPU
		{6DF08456-5429-423D-890F-32F1F1C74525}.Release|Any CPU.ActiveCfg = Release|Any CPU
		{6DF08456-5429-423D-890F-32F1F1C74525}.Release|Any CPU.Build.0 = Release|Any CPU
	EndGlobalSection
	GlobalSection(SolutionProperties) = preSolution
		HideSolutionNode = FALSE
	EndGlobalSection
	GlobalSection(ExtensibilityGlobals) = postSolution
		SolutionGuid = {CECE6EED-7FE8-4FA2-B2A4-D11DA079D30B}
	EndGlobalSection
EndGlobal
